# This file is autogenerated, do not edit; changes may be undone by the next 'dep ensure'.


[[projects]]
  name = "github.com/davecgh/go-spew"
  packages = ["spew"]
  revision = "8991bc29aa16c548c550c7ff78260e27b9ab7c73"
  version = "v1.1.1"

[[projects]]
  name = "github.com/gruntwork-io/terratest"
  packages = ["modules/collections","modules/customerrors","modules/files","modules/http-helper","modules/logger","modules/retry","modules/shell","modules/ssh","modules/terraform"]
  revision = "a041318b15514c39de41f66525f85f9b32928a51"
  version = "v0.24.2"

[[projects]]
  name = "github.com/pmezard/go-difflib"
  packages = ["difflib"]
  revision = "792786c7400a136282c1664665ae0a8db921c6c2"
  version = "v1.0.0"

[[projects]]
  name = "github.com/stretchr/testify"
  packages = ["assert","require"]
  revision = "221dbe5ed46703ee255b1da0dec05086f5035f62"
  version = "v1.4.0"

[[projects]]
  branch = "master"
  name = "golang.org/x/crypto"
  packages = ["blowfish","chacha20","curve25519","ed25519","ed25519/internal/edwards25519","internal/subtle","poly1305","ssh","ssh/agent","ssh/internal/bcrypt_pbkdf"]
  revision = "1d94cc7ab1c630336ab82ccb9c9cda72a875c382"

[[projects]]
  branch = "master"
  name = "golang.org/x/net"
  packages = ["context"]
  revision = "16171245cfb220d5317888b716d69c1fb4e7992b"

[[projects]]
  branch = "master"
  name = "golang.org/x/sys"
  packages = ["cpu"]
  revision = "9197077df8675547dfa5e04c6dfcd024257a2030"

[[projects]]
  name = "gopkg.in/yaml.v2"
  packages = ["."]
  revision = "53403b58ad1b561927d19068c655246f2db79d48"
  version = "v2.2.8"

[solve-meta]
  analyzer-name = "dep"
  analyzer-version = 1
  inputs-digest = "7c82ebad109359769813be8d6d03162a32af1ea261e96cd602e18157a20c173e"
  solver-name = "gps-cdcl"
  solver-version = 1
